// !$*UTF8*$!
{
	archiveVersion = 1;
	classes = {
	};
	objectVersion = 55;
	objects = {

/* Begin PBXBuildFile section */
		8A095ED827DFA3A60042A8E1 /* MovieListView.swift in Sources */ = {isa = PBXBuildFile; fileRef = 8A095ED727DFA3A60042A8E1 /* MovieListView.swift */; };
		8A21FDFF27A5AB4800D115A6 /* MovieView.swift in Sources */ = {isa = PBXBuildFile; fileRef = 8A21FDFE27A5AB4800D115A6 /* MovieView.swift */; };
		8A2383B727EE371500CE4998 /* LaunchScreen.storyboard in Resources */ = {isa = PBXBuildFile; fileRef = 8A2383B627EE371500CE4998 /* LaunchScreen.storyboard */; };
		8A24289627DF8117004977DB /* MovieSetupView.swift in Sources */ = {isa = PBXBuildFile; fileRef = 8A24289527DF8117004977DB /* MovieSetupView.swift */; };
		8A46CAD127A54BBC000DC7C4 /* MaxlandCineApp.swift in Sources */ = {isa = PBXBuildFile; fileRef = 8A46CAD027A54BBC000DC7C4 /* MaxlandCineApp.swift */; };
		8A46CAD527A54BBD000DC7C4 /* Assets.xcassets in Resources */ = {isa = PBXBuildFile; fileRef = 8A46CAD427A54BBD000DC7C4 /* Assets.xcassets */; };
		8A5AE31A27F7052B00AC89E4 /* MovieEmptyView.swift in Sources */ = {isa = PBXBuildFile; fileRef = 8A5AE31927F7052B00AC89E4 /* MovieEmptyView.swift */; };
		8A61457327CBBD590042A5FE /* MovieDataModel.xcdatamodeld in Sources */ = {isa = PBXBuildFile; fileRef = 8A61457127CBBD590042A5FE /* MovieDataModel.xcdatamodeld */; };
		8A65046127ACFD9B00D556E0 /* MovieListRowView.swift in Sources */ = {isa = PBXBuildFile; fileRef = 8A65046027ACFD9B00D556E0 /* MovieListRowView.swift */; };
		8A722DC228434FFE00C19855 /* MovieStatsGraphBarView.swift in Sources */ = {isa = PBXBuildFile; fileRef = 8A722DC128434FFE00C19855 /* MovieStatsGraphBarView.swift */; };
		8AA73441283CFF8C004D195A /* MovieStatsView.swift in Sources */ = {isa = PBXBuildFile; fileRef = 8AA73440283CFF8C004D195A /* MovieStatsView.swift */; };
		8ACCA2F1282E27D200C72D30 /* Localizable.strings in Resources */ = {isa = PBXBuildFile; fileRef = 8ACCA2F3282E27D200C72D30 /* Localizable.strings */; };
		8AE847ED27D87E6700C2BC8F /* MovieViewModel.swift in Sources */ = {isa = PBXBuildFile; fileRef = 8AE847EC27D87E6700C2BC8F /* MovieViewModel.swift */; };
		8AED4540281816DC0016C602 /* BiometricAuth.swift in Sources */ = {isa = PBXBuildFile; fileRef = 8AED453F281816DC0016C602 /* BiometricAuth.swift */; };
/* End PBXBuildFile section */

/* Begin PBXFileReference section */
		8A095ED727DFA3A60042A8E1 /* MovieListView.swift */ = {isa = PBXFileReference; lastKnownFileType = sourcecode.swift; path = MovieListView.swift; sourceTree = "<group>"; };
		8A21FDFE27A5AB4800D115A6 /* MovieView.swift */ = {isa = PBXFileReference; lastKnownFileType = sourcecode.swift; path = MovieView.swift; sourceTree = "<group>"; };
		8A2383B627EE371500CE4998 /* LaunchScreen.storyboard */ = {isa = PBXFileReference; lastKnownFileType = file.storyboard; path = LaunchScreen.storyboard; sourceTree = "<group>"; };
		8A24289527DF8117004977DB /* MovieSetupView.swift */ = {isa = PBXFileReference; lastKnownFileType = sourcecode.swift; path = MovieSetupView.swift; sourceTree = "<group>"; };
		8A46CACD27A54BBC000DC7C4 /* Maxland Cine.app */ = {isa = PBXFileReference; explicitFileType = wrapper.application; includeInIndex = 0; path = "Maxland Cine.app"; sourceTree = BUILT_PRODUCTS_DIR; };
		8A46CAD027A54BBC000DC7C4 /* MaxlandCineApp.swift */ = {isa = PBXFileReference; lastKnownFileType = sourcecode.swift; path = MaxlandCineApp.swift; sourceTree = "<group>"; };
		8A46CAD427A54BBD000DC7C4 /* Assets.xcassets */ = {isa = PBXFileReference; lastKnownFileType = folder.assetcatalog; path = Assets.xcassets; sourceTree = "<group>"; };
		8A5AE31927F7052B00AC89E4 /* MovieEmptyView.swift */ = {isa = PBXFileReference; lastKnownFileType = sourcecode.swift; path = MovieEmptyView.swift; sourceTree = "<group>"; };
		8A61457227CBBD590042A5FE /* MovieDataModel.xcdatamodel */ = {isa = PBXFileReference; lastKnownFileType = wrapper.xcdatamodel; path = MovieDataModel.xcdatamodel; sourceTree = "<group>"; };
		8A65046027ACFD9B00D556E0 /* MovieListRowView.swift */ = {isa = PBXFileReference; lastKnownFileType = sourcecode.swift; path = MovieListRowView.swift; sourceTree = "<group>"; };
		8A722DC128434FFE00C19855 /* MovieStatsGraphBarView.swift */ = {isa = PBXFileReference; lastKnownFileType = sourcecode.swift; path = MovieStatsGraphBarView.swift; sourceTree = "<group>"; };
		8AA73440283CFF8C004D195A /* MovieStatsView.swift */ = {isa = PBXFileReference; lastKnownFileType = sourcecode.swift; path = MovieStatsView.swift; sourceTree = "<group>"; };
		8ACCA2F2282E27D200C72D30 /* en */ = {isa = PBXFileReference; lastKnownFileType = text.plist.strings; name = en; path = en.lproj/Localizable.strings; sourceTree = "<group>"; };
		8ACCA2F4282E281300C72D30 /* ca */ = {isa = PBXFileReference; lastKnownFileType = text.plist.strings; name = ca; path = ca.lproj/Localizable.strings; sourceTree = "<group>"; };
		8ACCA2F5282E281300C72D30 /* es */ = {isa = PBXFileReference; lastKnownFileType = text.plist.strings; name = es; path = es.lproj/Localizable.strings; sourceTree = "<group>"; };
		8AE847EC27D87E6700C2BC8F /* MovieViewModel.swift */ = {isa = PBXFileReference; lastKnownFileType = sourcecode.swift; path = MovieViewModel.swift; sourceTree = "<group>"; };
		8AED453F281816DC0016C602 /* BiometricAuth.swift */ = {isa = PBXFileReference; lastKnownFileType = sourcecode.swift; path = BiometricAuth.swift; sourceTree = "<group>"; };
/* End PBXFileReference section */

/* Begin PBXFrameworksBuildPhase section */
		8A46CACA27A54BBC000DC7C4 /* Frameworks */ = {
			isa = PBXFrameworksBuildPhase;
			buildActionMask = 2147483647;
			files = (
			);
			runOnlyForDeploymentPostprocessing = 0;
		};
/* End PBXFrameworksBuildPhase section */

/* Begin PBXGroup section */
		8A468DA127F5C72C0038A819 /* Views */ = {
			isa = PBXGroup;
			children = (
				8A095ED727DFA3A60042A8E1 /* MovieListView.swift */,
				8A5AE31927F7052B00AC89E4 /* MovieEmptyView.swift */,
				8A65046027ACFD9B00D556E0 /* MovieListRowView.swift */,
				8A21FDFE27A5AB4800D115A6 /* MovieView.swift */,
				8A24289527DF8117004977DB /* MovieSetupView.swift */,
				8AA73440283CFF8C004D195A /* MovieStatsView.swift */,
				8A722DC128434FFE00C19855 /* MovieStatsGraphBarView.swift */,
				8A2383B627EE371500CE4998 /* LaunchScreen.storyboard */,
			);
			path = Views;
			sourceTree = "<group>";
		};
		8A468DA227F5C73A0038A819 /* Models */ = {
			isa = PBXGroup;
			children = (
				8AE847EC27D87E6700C2BC8F /* MovieViewModel.swift */,
				8A61457127CBBD590042A5FE /* MovieDataModel.xcdatamodeld */,
			);
			path = Models;
			sourceTree = "<group>";
		};
		8A46CAC427A54BBC000DC7C4 = {
			isa = PBXGroup;
			children = (
				8A46CACF27A54BBC000DC7C4 /* MaxlandCineApp */,
				8A46CACE27A54BBC000DC7C4 /* Products */,
			);
			sourceTree = "<group>";
		};
		8A46CACE27A54BBC000DC7C4 /* Products */ = {
			isa = PBXGroup;
			children = (
				8A46CACD27A54BBC000DC7C4 /* Maxland Cine.app */,
			);
			name = Products;
			sourceTree = "<group>";
		};
		8A46CACF27A54BBC000DC7C4 /* MaxlandCineApp */ = {
			isa = PBXGroup;
			children = (
				8A46CAD027A54BBC000DC7C4 /* MaxlandCineApp.swift */,
				8AED453E281816C50016C602 /* Utilities */,
				8A468DA127F5C72C0038A819 /* Views */,
				8A468DA227F5C73A0038A819 /* Models */,
				8A46CAD427A54BBD000DC7C4 /* Assets.xcassets */,
				8ACCA2F3282E27D200C72D30 /* Localizable.strings */,
			);
			path = MaxlandCineApp;
			sourceTree = "<group>";
		};
		8AED453E281816C50016C602 /* Utilities */ = {
			isa = PBXGroup;
			children = (
				8AED453F281816DC0016C602 /* BiometricAuth.swift */,
			);
			path = Utilities;
			sourceTree = "<group>";
		};
/* End PBXGroup section */

/* Begin PBXNativeTarget section */
		8A46CACC27A54BBC000DC7C4 /* MaxlandCineApp */ = {
			isa = PBXNativeTarget;
			buildConfigurationList = 8A46CADB27A54BBD000DC7C4 /* Build configuration list for PBXNativeTarget "MaxlandCineApp" */;
			buildPhases = (
				8A46CAC927A54BBC000DC7C4 /* Sources */,
				8A46CACA27A54BBC000DC7C4 /* Frameworks */,
				8A46CACB27A54BBC000DC7C4 /* Resources */,
			);
			buildRules = (
			);
			dependencies = (
			);
			name = MaxlandCineApp;
			productName = MaxlandCineApp;
			productReference = 8A46CACD27A54BBC000DC7C4 /* Maxland Cine.app */;
			productType = "com.apple.product-type.application";
		};
/* End PBXNativeTarget section */

/* Begin PBXProject section */
		8A46CAC527A54BBC000DC7C4 /* Project object */ = {
			isa = PBXProject;
			attributes = {
				BuildIndependentTargetsInParallel = 1;
				LastSwiftUpdateCheck = 1320;
				LastUpgradeCheck = 1330;
				TargetAttributes = {
					8A46CACC27A54BBC000DC7C4 = {
						CreatedOnToolsVersion = 13.2.1;
					};
				};
			};
			buildConfigurationList = 8A46CAC827A54BBC000DC7C4 /* Build configuration list for PBXProject "MaxlandCineApp" */;
			compatibilityVersion = "Xcode 13.0";
			developmentRegion = en;
			hasScannedForEncodings = 0;
			knownRegions = (
				en,
				Base,
				ca,
				es,
			);
			mainGroup = 8A46CAC427A54BBC000DC7C4;
			productRefGroup = 8A46CACE27A54BBC000DC7C4 /* Products */;
			projectDirPath = "";
			projectRoot = "";
			targets = (
				8A46CACC27A54BBC000DC7C4 /* MaxlandCineApp */,
			);
		};
/* End PBXProject section */

/* Begin PBXResourcesBuildPhase section */
		8A46CACB27A54BBC000DC7C4 /* Resources */ = {
			isa = PBXResourcesBuildPhase;
			buildActionMask = 2147483647;
			files = (
				8A2383B727EE371500CE4998 /* LaunchScreen.storyboard in Resources */,
				8ACCA2F1282E27D200C72D30 /* Localizable.strings in Resources */,
				8A46CAD527A54BBD000DC7C4 /* Assets.xcassets in Resources */,
			);
			runOnlyForDeploymentPostprocessing = 0;
		};
/* End PBXResourcesBuildPhase section */

/* Begin PBXSourcesBuildPhase section */
		8A46CAC927A54BBC000DC7C4 /* Sources */ = {
			isa = PBXSourcesBuildPhase;
			buildActionMask = 2147483647;
			files = (
				8A722DC228434FFE00C19855 /* MovieStatsGraphBarView.swift in Sources */,
				8A21FDFF27A5AB4800D115A6 /* MovieView.swift in Sources */,
				8A5AE31A27F7052B00AC89E4 /* MovieEmptyView.swift in Sources */,
				8A65046127ACFD9B00D556E0 /* MovieListRowView.swift in Sources */,
				8AA73441283CFF8C004D195A /* MovieStatsView.swift in Sources */,
				8A61457327CBBD590042A5FE /* MovieDataModel.xcdatamodeld in Sources */,
				8AE847ED27D87E6700C2BC8F /* MovieViewModel.swift in Sources */,
				8A095ED827DFA3A60042A8E1 /* MovieListView.swift in Sources */,
				8AED4540281816DC0016C602 /* BiometricAuth.swift in Sources */,
				8A24289627DF8117004977DB /* MovieSetupView.swift in Sources */,
				8A46CAD127A54BBC000DC7C4 /* MaxlandCineApp.swift in Sources */,
			);
			runOnlyForDeploymentPostprocessing = 0;
		};
/* End PBXSourcesBuildPhase section */

/* Begin PBXVariantGroup section */
		8ACCA2F3282E27D200C72D30 /* Localizable.strings */ = {
			isa = PBXVariantGroup;
			children = (
				8ACCA2F2282E27D200C72D30 /* en */,
				8ACCA2F4282E281300C72D30 /* ca */,
				8ACCA2F5282E281300C72D30 /* es */,
			);
			name = Localizable.strings;
			sourceTree = "<group>";
		};
/* End PBXVariantGroup section */

/* Begin XCBuildConfiguration section */
		8A46CAD927A54BBD000DC7C4 /* Debug */ = {
			isa = XCBuildConfiguration;
			buildSettings = {
				ALWAYS_SEARCH_USER_PATHS = NO;
				CLANG_ANALYZER_LOCALIZABILITY_NONLOCALIZED = YES;
				CLANG_ANALYZER_NONNULL = YES;
				CLANG_ANALYZER_NUMBER_OBJECT_CONVERSION = YES_AGGRESSIVE;
				CLANG_CXX_LANGUAGE_STANDARD = "gnu++17";
				CLANG_CXX_LIBRARY = "libc++";
				CLANG_ENABLE_MODULES = YES;
				CLANG_ENABLE_OBJC_ARC = YES;
				CLANG_ENABLE_OBJC_WEAK = YES;
				CLANG_WARN_BLOCK_CAPTURE_AUTORELEASING = YES;
				CLANG_WARN_BOOL_CONVERSION = YES;
				CLANG_WARN_COMMA = YES;
				CLANG_WARN_CONSTANT_CONVERSION = YES;
				CLANG_WARN_DEPRECATED_OBJC_IMPLEMENTATIONS = YES;
				CLANG_WARN_DIRECT_OBJC_ISA_USAGE = YES_ERROR;
				CLANG_WARN_DOCUMENTATION_COMMENTS = YES;
				CLANG_WARN_EMPTY_BODY = YES;
				CLANG_WARN_ENUM_CONVERSION = YES;
				CLANG_WARN_INFINITE_RECURSION = YES;
				CLANG_WARN_INT_CONVERSION = YES;
				CLANG_WARN_NON_LITERAL_NULL_CONVERSION = YES;
				CLANG_WARN_OBJC_IMPLICIT_RETAIN_SELF = YES;
				CLANG_WARN_OBJC_LITERAL_CONVERSION = YES;
				CLANG_WARN_OBJC_ROOT_CLASS = YES_ERROR;
				CLANG_WARN_QUOTED_INCLUDE_IN_FRAMEWORK_HEADER = YES;
				CLANG_WARN_RANGE_LOOP_ANALYSIS = YES;
				CLANG_WARN_STRICT_PROTOTYPES = YES;
				CLANG_WARN_SUSPICIOUS_MOVE = YES;
				CLANG_WARN_UNGUARDED_AVAILABILITY = YES_AGGRESSIVE;
				CLANG_WARN_UNREACHABLE_CODE = YES;
				CLANG_WARN__DUPLICATE_METHOD_MATCH = YES;
				COPY_PHASE_STRIP = NO;
				DEBUG_INFORMATION_FORMAT = dwarf;
				ENABLE_STRICT_OBJC_MSGSEND = YES;
				ENABLE_TESTABILITY = YES;
				GCC_C_LANGUAGE_STANDARD = gnu11;
				GCC_DYNAMIC_NO_PIC = NO;
				GCC_NO_COMMON_BLOCKS = YES;
				GCC_OPTIMIZATION_LEVEL = 0;
				GCC_PREPROCESSOR_DEFINITIONS = (
					"DEBUG=1",
					"$(inherited)",
				);
				GCC_WARN_64_TO_32_BIT_CONVERSION = YES;
				GCC_WARN_ABOUT_RETURN_TYPE = YES_ERROR;
				GCC_WARN_UNDECLARED_SELECTOR = YES;
				GCC_WARN_UNINITIALIZED_AUTOS = YES_AGGRESSIVE;
				GCC_WARN_UNUSED_FUNCTION = YES;
				GCC_WARN_UNUSED_VARIABLE = YES;
				IPHONEOS_DEPLOYMENT_TARGET = 15.2;
				MTL_ENABLE_DEBUG_INFO = INCLUDE_SOURCE;
				MTL_FAST_MATH = YES;
				ONLY_ACTIVE_ARCH = YES;
				SDKROOT = iphoneos;
				SWIFT_ACTIVE_COMPILATION_CONDITIONS = DEBUG;
				SWIFT_OPTIMIZATION_LEVEL = "-Onone";
			};
			name = Debug;
		};
		8A46CADA27A54BBD000DC7C4 /* Release */ = {
			isa = XCBuildConfiguration;
			buildSettings = {
				ALWAYS_SEARCH_USER_PATHS = NO;
				CLANG_ANALYZER_LOCALIZABILITY_NONLOCALIZED = YES;
				CLANG_ANALYZER_NONNULL = YES;
				CLANG_ANALYZER_NUMBER_OBJECT_CONVERSION = YES_AGGRESSIVE;
				CLANG_CXX_LANGUAGE_STANDARD = "gnu++17";
				CLANG_CXX_LIBRARY = "libc++";
				CLANG_ENABLE_MODULES = YES;
				CLANG_ENABLE_OBJC_ARC = YES;
				CLANG_ENABLE_OBJC_WEAK = YES;
				CLANG_WARN_BLOCK_CAPTURE_AUTORELEASING = YES;
				CLANG_WARN_BOOL_CONVERSION = YES;
				CLANG_WARN_COMMA = YES;
				CLANG_WARN_CONSTANT_CONVERSION = YES;
				CLANG_WARN_DEPRECATED_OBJC_IMPLEMENTATIONS = YES;
				CLANG_WARN_DIRECT_OBJC_ISA_USAGE = YES_ERROR;
				CLANG_WARN_DOCUMENTATION_COMMENTS = YES;
				CLANG_WARN_EMPTY_BODY = YES;
				CLANG_WARN_ENUM_CONVERSION = YES;
				CLANG_WARN_INFINITE_RECURSION = YES;
				CLANG_WARN_INT_CONVERSION = YES;
				CLANG_WARN_NON_LITERAL_NULL_CONVERSION = YES;
				CLANG_WARN_OBJC_IMPLICIT_RETAIN_SELF = YES;
				CLANG_WARN_OBJC_LITERAL_CONVERSION = YES;
				CLANG_WARN_OBJC_ROOT_CLASS = YES_ERROR;
				CLANG_WARN_QUOTED_INCLUDE_IN_FRAMEWORK_HEADER = YES;
				CLANG_WARN_RANGE_LOOP_ANALYSIS = YES;
				CLANG_WARN_STRICT_PROTOTYPES = YES;
				CLANG_WARN_SUSPICIOUS_MOVE = YES;
				CLANG_WARN_UNGUARDED_AVAILABILITY = YES_AGGRESSIVE;
				CLANG_WARN_UNREACHABLE_CODE = YES;
				CLANG_WARN__DUPLICATE_METHOD_MATCH = YES;
				COPY_PHASE_STRIP = NO;
				DEBUG_INFORMATION_FORMAT = "dwarf-with-dsym";
				ENABLE_NS_ASSERTIONS = NO;
				ENABLE_STRICT_OBJC_MSGSEND = YES;
				GCC_C_LANGUAGE_STANDARD = gnu11;
				GCC_NO_COMMON_BLOCKS = YES;
				GCC_WARN_64_TO_32_BIT_CONVERSION = YES;
				GCC_WARN_ABOUT_RETURN_TYPE = YES_ERROR;
				GCC_WARN_UNDECLARED_SELECTOR = YES;
				GCC_WARN_UNINITIALIZED_AUTOS = YES_AGGRESSIVE;
				GCC_WARN_UNUSED_FUNCTION = YES;
				GCC_WARN_UNUSED_VARIABLE = YES;
				IPHONEOS_DEPLOYMENT_TARGET = 15.2;
				MTL_ENABLE_DEBUG_INFO = NO;
				MTL_FAST_MATH = YES;
				SDKROOT = iphoneos;
				SWIFT_COMPILATION_MODE = wholemodule;
				SWIFT_OPTIMIZATION_LEVEL = "-O";
				VALIDATE_PRODUCT = YES;
			};
			name = Release;
		};
		8A46CADC27A54BBD000DC7C4 /* Debug */ = {
			isa = XCBuildConfiguration;
			buildSettings = {
				ASSETCATALOG_COMPILER_APPICON_NAME = AppIcon;
				ASSETCATALOG_COMPILER_GLOBAL_ACCENT_COLOR_NAME = AccentColor;
				CODE_SIGN_IDENTITY = "Apple Development";
				CODE_SIGN_STYLE = Automatic;
				CURRENT_PROJECT_VERSION = 1;
				DEVELOPMENT_ASSET_PATHS = "";
				DEVELOPMENT_TEAM = DMKM69YTG5;
				ENABLE_PREVIEWS = YES;
				GENERATE_INFOPLIST_FILE = YES;
				INFOPLIST_KEY_NSFaceIDUsageDescription = "Necesitas autenticarte mediante el sensor biométrico";
				INFOPLIST_KEY_UIApplicationSceneManifest_Generation = YES;
				INFOPLIST_KEY_UIApplicationSupportsIndirectInputEvents = YES;
				INFOPLIST_KEY_UILaunchStoryboardName = LaunchScreen;
				INFOPLIST_KEY_UISupportedInterfaceOrientations = UIInterfaceOrientationPortrait;
				INFOPLIST_KEY_UISupportedInterfaceOrientations_iPad = "UIInterfaceOrientationPortrait UIInterfaceOrientationPortraitUpsideDown UIInterfaceOrientationLandscapeLeft UIInterfaceOrientationLandscapeRight";
				INFOPLIST_KEY_UISupportedInterfaceOrientations_iPhone = UIInterfaceOrientationPortrait;
				LD_RUNPATH_SEARCH_PATHS = (
					"$(inherited)",
					"@executable_path/Frameworks",
				);
				MARKETING_VERSION = 1.1;
				PRODUCT_BUNDLE_IDENTIFIER = es.maxland.cineapp;
				PRODUCT_NAME = "Maxland Cine";
				PROVISIONING_PROFILE_SPECIFIER = "";
				SWIFT_EMIT_LOC_STRINGS = YES;
				SWIFT_VERSION = 5.0;
				TARGETED_DEVICE_FAMILY = "1,2";
			};
			name = Debug;
		};
		8A46CADD27A54BBD000DC7C4 /* Release */ = {
			isa = XCBuildConfiguration;
			buildSettings = {
				ASSETCATALOG_COMPILER_APPICON_NAME = AppIcon;
				ASSETCATALOG_COMPILER_GLOBAL_ACCENT_COLOR_NAME = AccentColor;
				CODE_SIGN_IDENTITY = "Apple Development";
				CODE_SIGN_STYLE = Automatic;
				CURRENT_PROJECT_VERSION = 1;
				DEVELOPMENT_ASSET_PATHS = "";
				DEVELOPMENT_TEAM = DMKM69YTG5;
				ENABLE_PREVIEWS = YES;
				GENERATE_INFOPLIST_FILE = YES;
				INFOPLIST_KEY_NSFaceIDUsageDescription = "Necesitas autenticarte mediante el sensor biométrico";
				INFOPLIST_KEY_UIApplicationSceneManifest_Generation = YES;
				INFOPLIST_KEY_UIApplicationSupportsIndirectInputEvents = YES;
				INFOPLIST_KEY_UILaunchStoryboardName = LaunchScreen;
				INFOPLIST_KEY_UISupportedInterfaceOrientations = UIInterfaceOrientationPortrait;
				INFOPLIST_KEY_UISupportedInterfaceOrientations_iPad = "UIInterfaceOrientationPortrait UIInterfaceOrientationPortraitUpsideDown UIInterfaceOrientationLandscapeLeft UIInterfaceOrientationLandscapeRight";
				INFOPLIST_KEY_UISupportedInterfaceOrientations_iPhone = UIInterfaceOrientationPortrait;
				LD_RUNPATH_SEARCH_PATHS = (
					"$(inherited)",
					"@executable_path/Frameworks",
				);
				MARKETING_VERSION = 1.1;
				PRODUCT_BUNDLE_IDENTIFIER = es.maxland.cineapp;
				PRODUCT_NAME = "Maxland Cine";
				PROVISIONING_PROFILE_SPECIFIER = "";
				SWIFT_EMIT_LOC_STRINGS = YES;
				SWIFT_VERSION = 5.0;
				TARGETED_DEVICE_FAMILY = "1,2";
			};
			name = Release;
		};
/* End XCBuildConfiguration section */

/* Begin XCConfigurationList section */
		8A46CAC827A54BBC000DC7C4 /* Build configuration list for PBXProject "MaxlandCineApp" */ = {
			isa = XCConfigurationList;
			buildConfigurations = (
				8A46CAD927A54BBD000DC7C4 /* Debug */,
				8A46CADA27A54BBD000DC7C4 /* Release */,
			);
			defaultConfigurationIsVisible = 0;
			defaultConfigurationName = Release;
		};
		8A46CADB27A54BBD000DC7C4 /* Build configuration list for PBXNativeTarget "MaxlandCineApp" */ = {
			isa = XCConfigurationList;
			buildConfigurations = (
				8A46CADC27A54BBD000DC7C4 /* Debug */,
				8A46CADD27A54BBD000DC7C4 /* Release */,
			);
			defaultConfigurationIsVisible = 0;
			defaultConfigurationName = Release;
		};
/* End XCConfigurationList section */

/* Begin XCVersionGroup section */
		8A61457127CBBD590042A5FE /* MovieDataModel.xcdatamodeld */ = {
			isa = XCVersionGroup;
			children = (
				8A61457227CBBD590042A5FE /* MovieDataModel.xcdatamodel */,
			);
			currentVersion = 8A61457227CBBD590042A5FE /* MovieDataModel.xcdatamodel */;
			path = MovieDataModel.xcdatamodeld;
			sourceTree = "<group>";
			versionGroupType = wrapper.xcdatamodel;
		};
/* End XCVersionGroup section */
	};
	rootObject = 8A46CAC527A54BBC000DC7C4 /* Project object */;
}
